
Microsoft Visual Studio Solution File, Format Version 12.00
# Visual Studio Version 16
VisualStudioVersion = 16.0.29609.76
MinimumVisualStudioVersion = 10.0.40219.1
Project("{9A19103F-16F7-4668-BE54-9A1E7A4F7556}") = "CatTrackerML.Model", "CatTrackerML.Model\CatTrackerML.Model.csproj", "{D27E6F2C-1B09-4133-9E8F-A2106176BA48}"
EndProject
Project("{9A19103F-16F7-4668-BE54-9A1E7A4F7556}") = "CatTrackerML.ConsoleApp", "CatTrackerML.ConsoleApp\CatTrackerML.ConsoleApp.csproj", "{9B055445-A20F-4563-8FFE-1DACA016F151}"
EndProject
Project("{2150E333-8FDC-42A3-9474-1A3956D46DE8}") = "SolutionItems", "SolutionItems", "{96E5F2C9-AB7E-46FE-8A80-DB6628A462F9}"
	ProjectSection(SolutionItems) = preProject
		Resources\cats\cats.tsv = Resources\cats\cats.tsv
		Readme.md = Readme.md
		Resources\testImages\test.tsv = Resources\testImages\test.tsv
	EndProjectSection
EndProject
Global
	GlobalSection(SolutionConfigurationPlatforms) = preSolution
		Debug|Any CPU = Debug|Any CPU
		Release|Any CPU = Release|Any CPU
	EndGlobalSection
	GlobalSection(ProjectConfigurationPlatforms) = postSolution
		{D27E6F2C-1B09-4133-9E8F-A2106176BA48}.Debug|Any CPU.ActiveCfg = Debug|Any CPU
		{D27E6F2C-1B09-4133-9E8F-A2106176BA48}.Debug|Any CPU.Build.0 = Debug|Any CPU
		{D27E6F2C-1B09-4133-9E8F-A2106176BA48}.Release|Any CPU.ActiveCfg = Release|Any CPU
		{D27E6F2C-1B09-4133-9E8F-A2106176BA48}.Release|Any CPU.Build.0 = Release|Any CPU
		{9B055445-A20F-4563-8FFE-1DACA016F151}.Debug|Any CPU.ActiveCfg = Debug|Any CPU
		{9B055445-A20F-4563-8FFE-1DACA016F151}.Debug|Any CPU.Build.0 = Debug|Any CPU
		{9B055445-A20F-4563-8FFE-1DACA016F151}.Release|Any CPU.ActiveCfg = Release|Any CPU
		{9B055445-A20F-4563-8FFE-1DACA016F151}.Release|Any CPU.Build.0 = Release|Any CPU
	EndGlobalSection
	GlobalSection(SolutionProperties) = preSolution
		HideSolutionNode = FALSE
	EndGlobalSection
	GlobalSection(ExtensibilityGlobals) = postSolution
		SolutionGuid = {7F09A010-36BE-47F1-9766-58F6C7F0DB11}
	EndGlobalSection
EndGlobal
